
Microsoft Visual Studio Solution File, Format Version 12.00
# Visual Studio Version 16
VisualStudioVersion = 16.0.30804.86
MinimumVisualStudioVersion = 10.0.40219.1
Project("{9A19103F-16F7-4668-BE54-9A1E7A4F7556}") = "StickerAR", "StickerAR\StickerAR.csproj", "{CA98088E-8FCE-436D-B5AD-9AB0B176ABDB}"
EndProject
Project("{9A19103F-16F7-4668-BE54-9A1E7A4F7556}") = "GET_StickerAR", "GET_StickerAR\GET_StickerAR.csproj", "{9EEF6CFB-0692-42FC-B200-AC785AACEA15}"
EndProject
Project("{9A19103F-16F7-4668-BE54-9A1E7A4F7556}") = "ADDLikes_StickerAR", "ADDLikes_StickerAR\ADDLikes_StickerAR.csproj", "{AFFE71C4-EF65-4775-98CE-B1E1A3E689D3}"
EndProject
Global
	GlobalSection(SolutionConfigurationPlatforms) = preSolution
		Debug|Any CPU = Debug|Any CPU
		Release|Any CPU = Release|Any CPU
	EndGlobalSection
	GlobalSection(ProjectConfigurationPlatforms) = postSolution
		{CA98088E-8FCE-436D-B5AD-9AB0B176ABDB}.Debug|Any CPU.ActiveCfg = Debug|Any CPU
		{CA98088E-8FCE-436D-B5AD-9AB0B176ABDB}.Debug|Any CPU.Build.0 = Debug|Any CPU
		{CA98088E-8FCE-436D-B5AD-9AB0B176ABDB}.Release|Any CPU.ActiveCfg = Release|Any CPU
		{CA98088E-8FCE-436D-B5AD-9AB0B176ABDB}.Release|Any CPU.Build.0 = Release|Any CPU
		{9EEF6CFB-0692-42FC-B200-AC785AACEA15}.Debug|Any CPU.ActiveCfg = Debug|Any CPU
		{9EEF6CFB-0692-42FC-B200-AC785AACEA15}.Debug|Any CPU.Build.0 = Debug|Any CPU
		{9EEF6CFB-0692-42FC-B200-AC785AACEA15}.Release|Any CPU.ActiveCfg = Release|Any CPU
		{9EEF6CFB-0692-42FC-B200-AC785AACEA15}.Release|Any CPU.Build.0 = Release|Any CPU
		{AFFE71C4-EF65-4775-98CE-B1E1A3E689D3}.Debug|Any CPU.ActiveCfg = Debug|Any CPU
		{AFFE71C4-EF65-4775-98CE-B1E1A3E689D3}.Debug|Any CPU.Build.0 = Debug|Any CPU
		{AFFE71C4-EF65-4775-98CE-B1E1A3E689D3}.Release|Any CPU.ActiveCfg = Release|Any CPU
		{AFFE71C4-EF65-4775-98CE-B1E1A3E689D3}.Release|Any CPU.Build.0 = Release|Any CPU
	EndGlobalSection
	GlobalSection(SolutionProperties) = preSolution
		HideSolutionNode = FALSE
	EndGlobalSection
	GlobalSection(ExtensibilityGlobals) = postSolution
		SolutionGuid = {41723141-31D1-4E51-A791-7879510C11BE}
	EndGlobalSection
EndGlobal
